
Microsoft Visual Studio Solution File, Format Version 12.00
# Visual Studio Version 16
VisualStudioVersion = 16.0.31005.135
MinimumVisualStudioVersion = 10.0.40219.1
Project("{FAE04EC0-301F-11D3-BF4B-00C04F79EFBC}") = "os_lab1", "os_lab1\os_lab1.csproj", "{C69366C3-C021-469F-943A-2022EC6F928C}"
EndProject
Global
	GlobalSection(SolutionConfigurationPlatforms) = preSolution
		Debug|Any CPU = Debug|Any CPU
		Release|Any CPU = Release|Any CPU
	EndGlobalSection
	GlobalSection(ProjectConfigurationPlatforms) = postSolution
		{C69366C3-C021-469F-943A-2022EC6F928C}.Debug|Any CPU.ActiveCfg = Debug|Any CPU
		{C69366C3-C021-469F-943A-2022EC6F928C}.Debug|Any CPU.Build.0 = Debug|Any CPU
		{C69366C3-C021-469F-943A-2022EC6F928C}.Release|Any CPU.ActiveCfg = Release|Any CPU
		{C69366C3-C021-469F-943A-2022EC6F928C}.Release|Any CPU.Build.0 = Release|Any CPU
	EndGlobalSection
	GlobalSection(SolutionProperties) = preSolution
		HideSolutionNode = FALSE
	EndGlobalSection
	GlobalSection(ExtensibilityGlobals) = postSolution
		SolutionGuid = {1793B49C-208F-47CA-A6D2-C82AF47F0476}
	EndGlobalSection
EndGlobal
